// !$*UTF8*$!
{
	archiveVersion = 1;
	classes = {
	};
	objectVersion = 46;
	objects = {

/* Begin PBXBuildFile section */
		C0AE3A4D1AB985BD00D4C67E /* AppDelegate.swift in Sources */ = {isa = PBXBuildFile; fileRef = C0AE3A4C1AB985BD00D4C67E /* AppDelegate.swift */; };
		C0AE3A4F1AB985BD00D4C67E /* ViewController.swift in Sources */ = {isa = PBXBuildFile; fileRef = C0AE3A4E1AB985BD00D4C67E /* ViewController.swift */; };
		C0AE3A521AB985BD00D4C67E /* Main.storyboard in Resources */ = {isa = PBXBuildFile; fileRef = C0AE3A501AB985BD00D4C67E /* Main.storyboard */; };
		C0AE3A541AB985BD00D4C67E /* Images.xcassets in Resources */ = {isa = PBXBuildFile; fileRef = C0AE3A531AB985BD00D4C67E /* Images.xcassets */; };
		C0AE3A571AB985BD00D4C67E /* LaunchScreen.xib in Resources */ = {isa = PBXBuildFile; fileRef = C0AE3A551AB985BD00D4C67E /* LaunchScreen.xib */; };
		C0AE3A631AB985BD00D4C67E /* CassiniTests.swift in Sources */ = {isa = PBXBuildFile; fileRef = C0AE3A621AB985BD00D4C67E /* CassiniTests.swift */; };
		C0AE3A6D1AB985FF00D4C67E /* DemoURL.swift in Sources */ = {isa = PBXBuildFile; fileRef = C0AE3A6C1AB985FF00D4C67E /* DemoURL.swift */; };
		C0AE3A6F1AB9862000D4C67E /* ImageViewController.swift in Sources */ = {isa = PBXBuildFile; fileRef = C0AE3A6E1AB9862000D4C67E /* ImageViewController.swift */; };
/* End PBXBuildFile section */

/* Begin PBXContainerItemProxy section */
		C0AE3A5D1AB985BD00D4C67E /* PBXContainerItemProxy */ = {
			isa = PBXContainerItemProxy;
			containerPortal = C0AE3A3F1AB985BC00D4C67E /* Project object */;
			proxyType = 1;
			remoteGlobalIDString = C0AE3A461AB985BD00D4C67E;
			remoteInfo = Cassini;
		};
/* End PBXContainerItemProxy section */

/* Begin PBXFileReference section */
		C0AE3A471AB985BD00D4C67E /* Cassini.app */ = {isa = PBXFileReference; explicitFileType = wrapper.application; includeInIndex = 0; path = Cassini.app; sourceTree = BUILT_PRODUCTS_DIR; };
		C0AE3A4B1AB985BD00D4C67E /* Info.plist */ = {isa = PBXFileReference; lastKnownFileType = text.plist.xml; path = Info.plist; sourceTree = "<group>"; };
		C0AE3A4C1AB985BD00D4C67E /* AppDelegate.swift */ = {isa = PBXFileReference; lastKnownFileType = sourcecode.swift; path = AppDelegate.swift; sourceTree = "<group>"; };
		C0AE3A4E1AB985BD00D4C67E /* ViewController.swift */ = {isa = PBXFileReference; lastKnownFileType = sourcecode.swift; path = ViewController.swift; sourceTree = "<group>"; };
		C0AE3A511AB985BD00D4C67E /* Base */ = {isa = PBXFileReference; lastKnownFileType = file.storyboard; name = Base; path = Base.lproj/Main.storyboard; sourceTree = "<group>"; };
		C0AE3A531AB985BD00D4C67E /* Images.xcassets */ = {isa = PBXFileReference; lastKnownFileType = folder.assetcatalog; path = Images.xcassets; sourceTree = "<group>"; };
		C0AE3A561AB985BD00D4C67E /* Base */ = {isa = PBXFileReference; lastKnownFileType = file.xib; name = Base; path = Base.lproj/LaunchScreen.xib; sourceTree = "<group>"; };
		C0AE3A5C1AB985BD00D4C67E /* CassiniTests.xctest */ = {isa = PBXFileReference; explicitFileType = wrapper.cfbundle; includeInIndex = 0; path = CassiniTests.xctest; sourceTree = BUILT_PRODUCTS_DIR; };
		C0AE3A611AB985BD00D4C67E /* Info.plist */ = {isa = PBXFileReference; lastKnownFileType = text.plist.xml; path = Info.plist; sourceTree = "<group>"; };
		C0AE3A621AB985BD00D4C67E /* CassiniTests.swift */ = {isa = PBXFileReference; lastKnownFileType = sourcecode.swift; path = CassiniTests.swift; sourceTree = "<group>"; };
		C0AE3A6C1AB985FF00D4C67E /* DemoURL.swift */ = {isa = PBXFileReference; fileEncoding = 4; lastKnownFileType = sourcecode.swift; path = DemoURL.swift; sourceTree = "<group>"; };
		C0AE3A6E1AB9862000D4C67E /* ImageViewController.swift */ = {isa = PBXFileReference; fileEncoding = 4; lastKnownFileType = sourcecode.swift; path = ImageViewController.swift; sourceTree = "<group>"; };
/* End PBXFileReference section */

/* Begin PBXFrameworksBuildPhase section */
		C0AE3A441AB985BD00D4C67E /* Frameworks */ = {
			isa = PBXFrameworksBuildPhase;
			buildActionMask = 2147483647;
			files = (
			);
			runOnlyForDeploymentPostprocessing = 0;
		};
		C0AE3A591AB985BD00D4C67E /* Frameworks */ = {
			isa = PBXFrameworksBuildPhase;
			buildActionMask = 2147483647;
			files = (
			);
			runOnlyForDeploymentPostprocessing = 0;
		};
/* End PBXFrameworksBuildPhase section */

/* Begin PBXGroup section */
		C0AE3A3E1AB985BC00D4C67E = {
			isa = PBXGroup;
			children = (
				C0AE3A491AB985BD00D4C67E /* Cassini */,
				C0AE3A5F1AB985BD00D4C67E /* CassiniTests */,
				C0AE3A481AB985BD00D4C67E /* Products */,
			);
			sourceTree = "<group>";
		};
		C0AE3A481AB985BD00D4C67E /* Products */ = {
			isa = PBXGroup;
			children = (
				C0AE3A471AB985BD00D4C67E /* Cassini.app */,
				C0AE3A5C1AB985BD00D4C67E /* CassiniTests.xctest */,
			);
			name = Products;
			sourceTree = "<group>";
		};
		C0AE3A491AB985BD00D4C67E /* Cassini */ = {
			isa = PBXGroup;
			children = (
				C0AE3A501AB985BD00D4C67E /* Main.storyboard */,
				C0AE3A4E1AB985BD00D4C67E /* ViewController.swift */,
				C0AE3A6E1AB9862000D4C67E /* ImageViewController.swift */,
				C0AE3A6C1AB985FF00D4C67E /* DemoURL.swift */,
				C0AE3A4A1AB985BD00D4C67E /* Supporting Files */,
			);
			path = Cassini;
			sourceTree = "<group>";
		};
		C0AE3A4A1AB985BD00D4C67E /* Supporting Files */ = {
			isa = PBXGroup;
			children = (
				C0AE3A4C1AB985BD00D4C67E /* AppDelegate.swift */,
				C0AE3A531AB985BD00D4C67E /* Images.xcassets */,
				C0AE3A551AB985BD00D4C67E /* LaunchScreen.xib */,
				C0AE3A4B1AB985BD00D4C67E /* Info.plist */,
			);
			name = "Supporting Files";
			sourceTree = "<group>";
		};
		C0AE3A5F1AB985BD00D4C67E /* CassiniTests */ = {
			isa = PBXGroup;
			children = (
				C0AE3A621AB985BD00D4C67E /* CassiniTests.swift */,
				C0AE3A601AB985BD00D4C67E /* Supporting Files */,
			);
			path = CassiniTests;
			sourceTree = "<group>";
		};
		C0AE3A601AB985BD00D4C67E /* Supporting Files */ = {
			isa = PBXGroup;
			children = (
				C0AE3A611AB985BD00D4C67E /* Info.plist */,
			);
			name = "Supporting Files";
			sourceTree = "<group>";
		};
/* End PBXGroup section */

/* Begin PBXNativeTarget section */
		C0AE3A461AB985BD00D4C67E /* Cassini */ = {
			isa = PBXNativeTarget;
			buildConfigurationList = C0AE3A661AB985BD00D4C67E /* Build configuration list for PBXNativeTarget "Cassini" */;
			buildPhases = (
				C0AE3A431AB985BD00D4C67E /* Sources */,
				C0AE3A441AB985BD00D4C67E /* Frameworks */,
				C0AE3A451AB985BD00D4C67E /* Resources */,
			);
			buildRules = (
			);
			dependencies = (
			);
			name = Cassini;
			productName = Cassini;
			productReference = C0AE3A471AB985BD00D4C67E /* Cassini.app */;
			productType = "com.apple.product-type.application";
		};
		C0AE3A5B1AB985BD00D4C67E /* CassiniTests */ = {
			isa = PBXNativeTarget;
			buildConfigurationList = C0AE3A691AB985BD00D4C67E /* Build configuration list for PBXNativeTarget "CassiniTests" */;
			buildPhases = (
				C0AE3A581AB985BD00D4C67E /* Sources */,
				C0AE3A591AB985BD00D4C67E /* Frameworks */,
				C0AE3A5A1AB985BD00D4C67E /* Resources */,
			);
			buildRules = (
			);
			dependencies = (
				C0AE3A5E1AB985BD00D4C67E /* PBXTargetDependency */,
			);
			name = CassiniTests;
			productName = CassiniTests;
			productReference = C0AE3A5C1AB985BD00D4C67E /* CassiniTests.xctest */;
			productType = "com.apple.product-type.bundle.unit-test";
		};
/* End PBXNativeTarget section */

/* Begin PBXProject section */
		C0AE3A3F1AB985BC00D4C67E /* Project object */ = {
			isa = PBXProject;
			attributes = {
				LastUpgradeCheck = 0620;
				ORGANIZATIONNAME = kkate;
				TargetAttributes = {
					C0AE3A461AB985BD00D4C67E = {
						CreatedOnToolsVersion = 6.2;
					};
					C0AE3A5B1AB985BD00D4C67E = {
						CreatedOnToolsVersion = 6.2;
						TestTargetID = C0AE3A461AB985BD00D4C67E;
					};
				};
			};
			buildConfigurationList = C0AE3A421AB985BC00D4C67E /* Build configuration list for PBXProject "Cassini" */;
			compatibilityVersion = "Xcode 3.2";
			developmentRegion = English;
			hasScannedForEncodings = 0;
			knownRegions = (
				en,
				Base,
			);
			mainGroup = C0AE3A3E1AB985BC00D4C67E;
			productRefGroup = C0AE3A481AB985BD00D4C67E /* Products */;
			projectDirPath = "";
			projectRoot = "";
			targets = (
				C0AE3A461AB985BD00D4C67E /* Cassini */,
				C0AE3A5B1AB985BD00D4C67E /* CassiniTests */,
			);
		};
/* End PBXProject section */

/* Begin PBXResourcesBuildPhase section */
		C0AE3A451AB985BD00D4C67E /* Resources */ = {
			isa = PBXResourcesBuildPhase;
			buildActionMask = 2147483647;
			files = (
				C0AE3A521AB985BD00D4C67E /* Main.storyboard in Resources */,
				C0AE3A571AB985BD00D4C67E /* LaunchScreen.xib in Resources */,
				C0AE3A541AB985BD00D4C67E /* Images.xcassets in Resources */,
			);
			runOnlyForDeploymentPostprocessing = 0;
		};
		C0AE3A5A1AB985BD00D4C67E /* Resources */ = {
			isa = PBXResourcesBuildPhase;
			buildActionMask = 2147483647;
			files = (
			);
			runOnlyForDeploymentPostprocessing = 0;
		};
/* End PBXResourcesBuildPhase section */

/* Begin PBXSourcesBuildPhase section */
		C0AE3A431AB985BD00D4C67E /* Sources */ = {
			isa = PBXSourcesBuildPhase;
			buildActionMask = 2147483647;
			files = (
				C0AE3A4F1AB985BD00D4C67E /* ViewController.swift in Sources */,
				C0AE3A4D1AB985BD00D4C67E /* AppDelegate.swift in Sources */,
				C0AE3A6F1AB9862000D4C67E /* ImageViewController.swift in Sources */,
				C0AE3A6D1AB985FF00D4C67E /* DemoURL.swift in Sources */,
			);
			runOnlyForDeploymentPostprocessing = 0;
		};
		C0AE3A581AB985BD00D4C67E /* Sources */ = {
			isa = PBXSourcesBuildPhase;
			buildActionMask = 2147483647;
			files = (
				C0AE3A631AB985BD00D4C67E /* CassiniTests.swift in Sources */,
			);
			runOnlyForDeploymentPostprocessing = 0;
		};
/* End PBXSourcesBuildPhase section */

/* Begin PBXTargetDependency section */
		C0AE3A5E1AB985BD00D4C67E /* PBXTargetDependency */ = {
			isa = PBXTargetDependency;
			target = C0AE3A461AB985BD00D4C67E /* Cassini */;
			targetProxy = C0AE3A5D1AB985BD00D4C67E /* PBXContainerItemProxy */;
		};
/* End PBXTargetDependency section */

/* Begin PBXVariantGroup section */
		C0AE3A501AB985BD00D4C67E /* Main.storyboard */ = {
			isa = PBXVariantGroup;
			children = (
				C0AE3A511AB985BD00D4C67E /* Base */,
			);
			name = Main.storyboard;
			sourceTree = "<group>";
		};
		C0AE3A551AB985BD00D4C67E /* LaunchScreen.xib */ = {
			isa = PBXVariantGroup;
			children = (
				C0AE3A561AB985BD00D4C67E /* Base */,
			);
			name = LaunchScreen.xib;
			sourceTree = "<group>";
		};
/* End PBXVariantGroup section */

/* Begin XCBuildConfiguration section */
		C0AE3A641AB985BD00D4C67E /* Debug */ = {
			isa = XCBuildConfiguration;
			buildSettings = {
				ALWAYS_SEARCH_USER_PATHS = NO;
				CLANG_CXX_LANGUAGE_STANDARD = "gnu++0x";
				CLANG_CXX_LIBRARY = "libc++";
				CLANG_ENABLE_MODULES = YES;
				CLANG_ENABLE_OBJC_ARC = YES;
				CLANG_WARN_BOOL_CONVERSION = YES;
				CLANG_WARN_CONSTANT_CONVERSION = YES;
				CLANG_WARN_DIRECT_OBJC_ISA_USAGE = YES_ERROR;
				CLANG_WARN_EMPTY_BODY = YES;
				CLANG_WARN_ENUM_CONVERSION = YES;
				CLANG_WARN_INT_CONVERSION = YES;
				CLANG_WARN_OBJC_ROOT_CLASS = YES_ERROR;
				CLANG_WARN_UNREACHABLE_CODE = YES;
				CLANG_WARN__DUPLICATE_METHOD_MATCH = YES;
				"CODE_SIGN_IDENTITY[sdk=iphoneos*]" = "iPhone Developer";
				COPY_PHASE_STRIP = NO;
				ENABLE_STRICT_OBJC_MSGSEND = YES;
				GCC_C_LANGUAGE_STANDARD = gnu99;
				GCC_DYNAMIC_NO_PIC = NO;
				GCC_OPTIMIZATION_LEVEL = 0;
				GCC_PREPROCESSOR_DEFINITIONS = (
					"DEBUG=1",
					"$(inherited)",
				);
				GCC_SYMBOLS_PRIVATE_EXTERN = NO;
				GCC_WARN_64_TO_32_BIT_CONVERSION = YES;
				GCC_WARN_ABOUT_RETURN_TYPE = YES_ERROR;
				GCC_WARN_UNDECLARED_SELECTOR = YES;
				GCC_WARN_UNINITIALIZED_AUTOS = YES_AGGRESSIVE;
				GCC_WARN_UNUSED_FUNCTION = YES;
				GCC_WARN_UNUSED_VARIABLE = YES;
				IPHONEOS_DEPLOYMENT_TARGET = 8.2;
				MTL_ENABLE_DEBUG_INFO = YES;
				ONLY_ACTIVE_ARCH = YES;
				SDKROOT = iphoneos;
				SWIFT_OPTIMIZATION_LEVEL = "-Onone";
				TARGETED_DEVICE_FAMILY = "1,2";
			};
			name = Debug;
		};
		C0AE3A651AB985BD00D4C67E /* Release */ = {
			isa = XCBuildConfiguration;
			buildSettings = {
				ALWAYS_SEARCH_USER_PATHS = NO;
				CLANG_CXX_LANGUAGE_STANDARD = "gnu++0x";
				CLANG_CXX_LIBRARY = "libc++";
				CLANG_ENABLE_MODULES = YES;
				CLANG_ENABLE_OBJC_ARC = YES;
				CLANG_WARN_BOOL_CONVERSION = YES;
				CLANG_WARN_CONSTANT_CONVERSION = YES;
				CLANG_WARN_DIRECT_OBJC_ISA_USAGE = YES_ERROR;
				CLANG_WARN_EMPTY_BODY = YES;
				CLANG_WARN_ENUM_CONVERSION = YES;
				CLANG_WARN_INT_CONVERSION = YES;
				CLANG_WARN_OBJC_ROOT_CLASS = YES_ERROR;
				CLANG_WARN_UNREACHABLE_CODE = YES;
				CLANG_WARN__DUPLICATE_METHOD_MATCH = YES;
				"CODE_SIGN_IDENTITY[sdk=iphoneos*]" = "iPhone Developer";
				COPY_PHASE_STRIP = NO;
				ENABLE_NS_ASSERTIONS = NO;
				ENABLE_STRICT_OBJC_MSGSEND = YES;
				GCC_C_LANGUAGE_STANDARD = gnu99;
				GCC_WARN_64_TO_32_BIT_CONVERSION = YES;
				GCC_WARN_ABOUT_RETURN_TYPE = YES_ERROR;
				GCC_WARN_UNDECLARED_SELECTOR = YES;
				GCC_WARN_UNINITIALIZED_AUTOS = YES_AGGRESSIVE;
				GCC_WARN_UNUSED_FUNCTION = YES;
				GCC_WARN_UNUSED_VARIABLE = YES;
				IPHONEOS_DEPLOYMENT_TARGET = 8.2;
				MTL_ENABLE_DEBUG_INFO = NO;
				SDKROOT = iphoneos;
				TARGETED_DEVICE_FAMILY = "1,2";
				VALIDATE_PRODUCT = YES;
			};
			name = Release;
		};
		C0AE3A671AB985BD00D4C67E /* Debug */ = {
			isa = XCBuildConfiguration;
			buildSettings = {
				ASSETCATALOG_COMPILER_APPICON_NAME = AppIcon;
				INFOPLIST_FILE = Cassini/Info.plist;
				LD_RUNPATH_SEARCH_PATHS = "$(inherited) @executable_path/Frameworks";
				PRODUCT_NAME = "$(TARGET_NAME)";
			};
			name = Debug;
		};
		C0AE3A681AB985BD00D4C67E /* Release */ = {
			isa = XCBuildConfiguration;
			buildSettings = {
				ASSETCATALOG_COMPILER_APPICON_NAME = AppIcon;
				INFOPLIST_FILE = Cassini/Info.plist;
				LD_RUNPATH_SEARCH_PATHS = "$(inherited) @executable_path/Frameworks";
				PRODUCT_NAME = "$(TARGET_NAME)";
			};
			name = Release;
		};
		C0AE3A6A1AB985BD00D4C67E /* Debug */ = {
			isa = XCBuildConfiguration;
			buildSettings = {
				BUNDLE_LOADER = "$(TEST_HOST)";
				FRAMEWORK_SEARCH_PATHS = (
					"$(SDKROOT)/Developer/Library/Frameworks",
					"$(inherited)",
				);
				GCC_PREPROCESSOR_DEFINITIONS = (
					"DEBUG=1",
					"$(inherited)",
				);
				INFOPLIST_FILE = CassiniTests/Info.plist;
				LD_RUNPATH_SEARCH_PATHS = "$(inherited) @executable_path/Frameworks @loader_path/Frameworks";
				PRODUCT_NAME = "$(TARGET_NAME)";
				TEST_HOST = "$(BUILT_PRODUCTS_DIR)/Cassini.app/Cassini";
			};
			name = Debug;
		};
		C0AE3A6B1AB985BD00D4C67E /* Release */ = {
			isa = XCBuildConfiguration;
			buildSettings = {
				BUNDLE_LOADER = "$(TEST_HOST)";
				FRAMEWORK_SEARCH_PATHS = (
					"$(SDKROOT)/Developer/Library/Frameworks",
					"$(inherited)",
				);
				INFOPLIST_FILE = CassiniTests/Info.plist;
				LD_RUNPATH_SEARCH_PATHS = "$(inherited) @executable_path/Frameworks @loader_path/Frameworks";
				PRODUCT_NAME = "$(TARGET_NAME)";
				TEST_HOST = "$(BUILT_PRODUCTS_DIR)/Cassini.app/Cassini";
			};
			name = Release;
		};
/* End XCBuildConfiguration section */

/* Begin XCConfigurationList section */
		C0AE3A421AB985BC00D4C67E /* Build configuration list for PBXProject "Cassini" */ = {
			isa = XCConfigurationList;
			buildConfigurations = (
				C0AE3A641AB985BD00D4C67E /* Debug */,
				C0AE3A651AB985BD00D4C67E /* Release */,
			);
			defaultConfigurationIsVisible = 0;
			defaultConfigurationName = Release;
		};
		C0AE3A661AB985BD00D4C67E /* Build configuration list for PBXNativeTarget "Cassini" */ = {
			isa = XCConfigurationList;
			buildConfigurations = (
				C0AE3A671AB985BD00D4C67E /* Debug */,
				C0AE3A681AB985BD00D4C67E /* Release */,
			);
			defaultConfigurationIsVisible = 0;
			defaultConfigurationName = Release;
		};
		C0AE3A691AB985BD00D4C67E /* Build configuration list for PBXNativeTarget "CassiniTests" */ = {
			isa = XCConfigurationList;
			buildConfigurations = (
				C0AE3A6A1AB985BD00D4C67E /* Debug */,
				C0AE3A6B1AB985BD00D4C67E /* Release */,
			);
			defaultConfigurationIsVisible = 0;
			defaultConfigurationName = Release;
		};
/* End XCConfigurationList section */
	};
	rootObject = C0AE3A3F1AB985BC00D4C67E /* Project object */;
}
